
Microsoft Visual Studio Solution File, Format Version 12.00
# Visual Studio Version 17
VisualStudioVersion = 17.5.33627.172
MinimumVisualStudioVersion = 10.0.40219.1
Project("{FAE04EC0-301F-11D3-BF4B-00C04F79EFBC}") = "WebAcpAmbiental", "WebAcpAmbiental\WebAcpAmbiental.csproj", "{6E4F9693-D9DA-4E0D-8161-FC291DF348C6}"
EndProject
Global
	GlobalSection(SolutionConfigurationPlatforms) = preSolution
		Debug|Any CPU = Debug|Any CPU
		Release|Any CPU = Release|Any CPU
	EndGlobalSection
	GlobalSection(ProjectConfigurationPlatforms) = postSolution
		{6E4F9693-D9DA-4E0D-8161-FC291DF348C6}.Debug|Any CPU.ActiveCfg = Debug|Any CPU
		{6E4F9693-D9DA-4E0D-8161-FC291DF348C6}.Debug|Any CPU.Build.0 = Debug|Any CPU
		{6E4F9693-D9DA-4E0D-8161-FC291DF348C6}.Release|Any CPU.ActiveCfg = Release|Any CPU
		{6E4F9693-D9DA-4E0D-8161-FC291DF348C6}.Release|Any CPU.Build.0 = Release|Any CPU
	EndGlobalSection
	GlobalSection(SolutionProperties) = preSolution
		HideSolutionNode = FALSE
	EndGlobalSection
	GlobalSection(ExtensibilityGlobals) = postSolution
		SolutionGuid = {09EA27E4-F0DD-4124-8268-9D66A712261D}
	EndGlobalSection
EndGlobal
